
Microsoft Visual Studio Solution File, Format Version 12.00
# Visual Studio Version 17
VisualStudioVersion = 17.8.34525.116
MinimumVisualStudioVersion = 10.0.40219.1
Project("{FAE04EC0-301F-11D3-BF4B-00C04F79EFBC}") = "Workaround", "Workaround\Workaround.csproj", "{4E11DBDF-12C9-4865-8259-28CBBD96D39A}"
EndProject
Project("{FAE04EC0-301F-11D3-BF4B-00C04F79EFBC}") = "Entities", "Entities\Entities.csproj", "{047FEF52-26F8-44B4-9598-5813CD22D7F8}"
EndProject
Project("{FAE04EC0-301F-11D3-BF4B-00C04F79EFBC}") = "Business", "Business\Business.csproj", "{6785731E-A7EF-4F84-A431-D4A17F9E50EB}"
EndProject
Global
	GlobalSection(SolutionConfigurationPlatforms) = preSolution
		Debug|Any CPU = Debug|Any CPU
		Release|Any CPU = Release|Any CPU
	EndGlobalSection
	GlobalSection(ProjectConfigurationPlatforms) = postSolution
		{4E11DBDF-12C9-4865-8259-28CBBD96D39A}.Debug|Any CPU.ActiveCfg = Debug|Any CPU
		{4E11DBDF-12C9-4865-8259-28CBBD96D39A}.Debug|Any CPU.Build.0 = Debug|Any CPU
		{4E11DBDF-12C9-4865-8259-28CBBD96D39A}.Release|Any CPU.ActiveCfg = Release|Any CPU
		{4E11DBDF-12C9-4865-8259-28CBBD96D39A}.Release|Any CPU.Build.0 = Release|Any CPU
		{047FEF52-26F8-44B4-9598-5813CD22D7F8}.Debug|Any CPU.ActiveCfg = Debug|Any CPU
		{047FEF52-26F8-44B4-9598-5813CD22D7F8}.Debug|Any CPU.Build.0 = Debug|Any CPU
		{047FEF52-26F8-44B4-9598-5813CD22D7F8}.Release|Any CPU.ActiveCfg = Release|Any CPU
		{047FEF52-26F8-44B4-9598-5813CD22D7F8}.Release|Any CPU.Build.0 = Release|Any CPU
		{6785731E-A7EF-4F84-A431-D4A17F9E50EB}.Debug|Any CPU.ActiveCfg = Debug|Any CPU
		{6785731E-A7EF-4F84-A431-D4A17F9E50EB}.Debug|Any CPU.Build.0 = Debug|Any CPU
		{6785731E-A7EF-4F84-A431-D4A17F9E50EB}.Release|Any CPU.ActiveCfg = Release|Any CPU
		{6785731E-A7EF-4F84-A431-D4A17F9E50EB}.Release|Any CPU.Build.0 = Release|Any CPU
	EndGlobalSection
	GlobalSection(SolutionProperties) = preSolution
		HideSolutionNode = FALSE
	EndGlobalSection
	GlobalSection(ExtensibilityGlobals) = postSolution
		SolutionGuid = {90FE8FC1-79BA-43CC-912F-C78A44E31B1A}
	EndGlobalSection
EndGlobal
